Microsoft Visual Studio Solution File, Format Version 1.00
Project("{66355F20-A65B-11D0-BFB5-00A0C91EBFA0}") = "TelecomPos", "TelecomPos.vjp", "{04B0AA11-7879-4FF0-BF14-449B4F8CC82B}"
EndProject
Global
	GlobalSection(LocalDeployment) = postSolution
		StartupProject = {04B0AA11-7879-4FF0-BF14-449B4F8CC82B}
	EndGlobalSection
	GlobalSection(BuildOrder) = postSolution
		0 = {04B0AA11-7879-4FF0-BF14-449B4F8CC82B}
	EndGlobalSection
	GlobalSection(DeploymentRoot) = postSolution
	EndGlobalSection
EndGlobal
